// !$*UTF8*$!
{
	archiveVersion = 1;
	classes = {
	};
	objectVersion = 46;
	objects = {

/* Begin PBXBuildFile section */
		F04E895A1E11628F00B4C3CC /* AppDelegate.swift in Sources */ = {isa = PBXBuildFile; fileRef = F04E89591E11628F00B4C3CC /* AppDelegate.swift */; };
		F04E895C1E11628F00B4C3CC /* ViewController.swift in Sources */ = {isa = PBXBuildFile; fileRef = F04E895B1E11628F00B4C3CC /* ViewController.swift */; };
		F04E895F1E11628F00B4C3CC /* Main.storyboard in Resources */ = {isa = PBXBuildFile; fileRef = F04E895D1E11628F00B4C3CC /* Main.storyboard */; };
		F04E89611E11628F00B4C3CC /* Assets.xcassets in Resources */ = {isa = PBXBuildFile; fileRef = F04E89601E11628F00B4C3CC /* Assets.xcassets */; };
		F04E89641E11628F00B4C3CC /* LaunchScreen.storyboard in Resources */ = {isa = PBXBuildFile; fileRef = F04E89621E11628F00B4C3CC /* LaunchScreen.storyboard */; };
/* End PBXBuildFile section */

/* Begin PBXFileReference section */
		F04E89561E11628E00B4C3CC /* SlideViewWithCollectionViewVer2.app */ = {isa = PBXFileReference; explicitFileType = wrapper.application; includeInIndex = 0; path = SlideViewWithCollectionViewVer2.app; sourceTree = BUILT_PRODUCTS_DIR; };
		F04E89591E11628F00B4C3CC /* AppDelegate.swift */ = {isa = PBXFileReference; lastKnownFileType = sourcecode.swift; path = AppDelegate.swift; sourceTree = "<group>"; };
		F04E895B1E11628F00B4C3CC /* ViewController.swift */ = {isa = PBXFileReference; lastKnownFileType = sourcecode.swift; path = ViewController.swift; sourceTree = "<group>"; };
		F04E895E1E11628F00B4C3CC /* Base */ = {isa = PBXFileReference; lastKnownFileType = file.storyboard; name = Base; path = Base.lproj/Main.storyboard; sourceTree = "<group>"; };
		F04E89601E11628F00B4C3CC /* Assets.xcassets */ = {isa = PBXFileReference; lastKnownFileType = folder.assetcatalog; path = Assets.xcassets; sourceTree = "<group>"; };
		F04E89631E11628F00B4C3CC /* Base */ = {isa = PBXFileReference; lastKnownFileType = file.storyboard; name = Base; path = Base.lproj/LaunchScreen.storyboard; sourceTree = "<group>"; };
		F04E89651E11628F00B4C3CC /* Info.plist */ = {isa = PBXFileReference; lastKnownFileType = text.plist.xml; path = Info.plist; sourceTree = "<group>"; };
/* End PBXFileReference section */

/* Begin PBXFrameworksBuildPhase section */
		F04E89531E11628E00B4C3CC /* Frameworks */ = {
			isa = PBXFrameworksBuildPhase;
			buildActionMask = 2147483647;
			files = (
			);
			runOnlyForDeploymentPostprocessing = 0;
		};
/* End PBXFrameworksBuildPhase section */

/* Begin PBXGroup section */
		F04E894D1E11628E00B4C3CC = {
			isa = PBXGroup;
			children = (
				F04E89581E11628E00B4C3CC /* SlideViewWithCollectionViewVer2 */,
				F04E89571E11628E00B4C3CC /* Products */,
			);
			sourceTree = "<group>";
		};
		F04E89571E11628E00B4C3CC /* Products */ = {
			isa = PBXGroup;
			children = (
				F04E89561E11628E00B4C3CC /* SlideViewWithCollectionViewVer2.app */,
			);
			name = Products;
			sourceTree = "<group>";
		};
		F04E89581E11628E00B4C3CC /* SlideViewWithCollectionViewVer2 */ = {
			isa = PBXGroup;
			children = (
				F04E896C1E1162CC00B4C3CC /* Assets */,
				F04E895D1E11628F00B4C3CC /* Main.storyboard */,
				F04E895B1E11628F00B4C3CC /* ViewController.swift */,
				F04E896B1E1162B900B4C3CC /* Supporting Files */,
			);
			path = SlideViewWithCollectionViewVer2;
			sourceTree = "<group>";
		};
		F04E896B1E1162B900B4C3CC /* Supporting Files */ = {
			isa = PBXGroup;
			children = (
				F04E89591E11628F00B4C3CC /* AppDelegate.swift */,
				F04E89621E11628F00B4C3CC /* LaunchScreen.storyboard */,
				F04E89651E11628F00B4C3CC /* Info.plist */,
			);
			name = "Supporting Files";
			sourceTree = "<group>";
		};
		F04E896C1E1162CC00B4C3CC /* Assets */ = {
			isa = PBXGroup;
			children = (
				F04E89601E11628F00B4C3CC /* Assets.xcassets */,
			);
			name = Assets;
			sourceTree = "<group>";
		};
/* End PBXGroup section */

/* Begin PBXNativeTarget section */
		F04E89551E11628E00B4C3CC /* SlideViewWithCollectionViewVer2 */ = {
			isa = PBXNativeTarget;
			buildConfigurationList = F04E89681E11628F00B4C3CC /* Build configuration list for PBXNativeTarget "SlideViewWithCollectionViewVer2" */;
			buildPhases = (
				F04E89521E11628E00B4C3CC /* Sources */,
				F04E89531E11628E00B4C3CC /* Frameworks */,
				F04E89541E11628E00B4C3CC /* Resources */,
			);
			buildRules = (
			);
			dependencies = (
			);
			name = SlideViewWithCollectionViewVer2;
			productName = SlideViewWithCollectionViewVer2;
			productReference = F04E89561E11628E00B4C3CC /* SlideViewWithCollectionViewVer2.app */;
			productType = "com.apple.product-type.application";
		};
/* End PBXNativeTarget section */

/* Begin PBXProject section */
		F04E894E1E11628E00B4C3CC /* Project object */ = {
			isa = PBXProject;
			attributes = {
				LastSwiftUpdateCheck = 0810;
				LastUpgradeCheck = 0810;
				ORGANIZATIONNAME = DevGo;
				TargetAttributes = {
					F04E89551E11628E00B4C3CC = {
						CreatedOnToolsVersion = 8.1;
						ProvisioningStyle = Automatic;
					};
				};
			};
			buildConfigurationList = F04E89511E11628E00B4C3CC /* Build configuration list for PBXProject "SlideViewWithCollectionViewVer2" */;
			compatibilityVersion = "Xcode 3.2";
			developmentRegion = English;
			hasScannedForEncodings = 0;
			knownRegions = (
				en,
				Base,
			);
			mainGroup = F04E894D1E11628E00B4C3CC;
			productRefGroup = F04E89571E11628E00B4C3CC /* Products */;
			projectDirPath = "";
			projectRoot = "";
			targets = (
				F04E89551E11628E00B4C3CC /* SlideViewWithCollectionViewVer2 */,
			);
		};
/* End PBXProject section */

/* Begin PBXResourcesBuildPhase section */
		F04E89541E11628E00B4C3CC /* Resources */ = {
			isa = PBXResourcesBuildPhase;
			buildActionMask = 2147483647;
			files = (
				F04E89641E11628F00B4C3CC /* LaunchScreen.storyboard in Resources */,
				F04E89611E11628F00B4C3CC /* Assets.xcassets in Resources */,
				F04E895F1E11628F00B4C3CC /* Main.storyboard in Resources */,
			);
			runOnlyForDeploymentPostprocessing = 0;
		};
/* End PBXResourcesBuildPhase section */

/* Begin PBXSourcesBuildPhase section */
		F04E89521E11628E00B4C3CC /* Sources */ = {
			isa = PBXSourcesBuildPhase;
			buildActionMask = 2147483647;
			files = (
				F04E895C1E11628F00B4C3CC /* ViewController.swift in Sources */,
				F04E895A1E11628F00B4C3CC /* AppDelegate.swift in Sources */,
			);
			runOnlyForDeploymentPostprocessing = 0;
		};
/* End PBXSourcesBuildPhase section */

/* Begin PBXVariantGroup section */
		F04E895D1E11628F00B4C3CC /* Main.storyboard */ = {
			isa = PBXVariantGroup;
			children = (
				F04E895E1E11628F00B4C3CC /* Base */,
			);
			name = Main.storyboard;
			sourceTree = "<group>";
		};
		F04E89621E11628F00B4C3CC /* LaunchScreen.storyboard */ = {
			isa = PBXVariantGroup;
			children = (
				F04E89631E11628F00B4C3CC /* Base */,
			);
			name = LaunchScreen.storyboard;
			sourceTree = "<group>";
		};
/* End PBXVariantGroup section */

/* Begin XCBuildConfiguration section */
		F04E89661E11628F00B4C3CC /* Debug */ = {
			isa = XCBuildConfiguration;
			buildSettings = {
				ALWAYS_SEARCH_USER_PATHS = NO;
				CLANG_ANALYZER_NONNULL = YES;
				CLANG_CXX_LANGUAGE_STANDARD = "gnu++0x";
				CLANG_CXX_LIBRARY = "libc++";
				CLANG_ENABLE_MODULES = YES;
				CLANG_ENABLE_OBJC_ARC = YES;
				CLANG_WARN_BOOL_CONVERSION = YES;
				CLANG_WARN_CONSTANT_CONVERSION = YES;
				CLANG_WARN_DIRECT_OBJC_ISA_USAGE = YES_ERROR;
				CLANG_WARN_DOCUMENTATION_COMMENTS = YES;
				CLANG_WARN_EMPTY_BODY = YES;
				CLANG_WARN_ENUM_CONVERSION = YES;
				CLANG_WARN_INFINITE_RECURSION = YES;
				CLANG_WARN_INT_CONVERSION = YES;
				CLANG_WARN_OBJC_ROOT_CLASS = YES_ERROR;
				CLANG_WARN_SUSPICIOUS_MOVES = YES;
				CLANG_WARN_UNREACHABLE_CODE = YES;
				CLANG_WARN__DUPLICATE_METHOD_MATCH = YES;
				"CODE_SIGN_IDENTITY[sdk=iphoneos*]" = "iPhone Developer";
				COPY_PHASE_STRIP = NO;
				DEBUG_INFORMATION_FORMAT = dwarf;
				ENABLE_STRICT_OBJC_MSGSEND = YES;
				ENABLE_TESTABILITY = YES;
				GCC_C_LANGUAGE_STANDARD = gnu99;
				GCC_DYNAMIC_NO_PIC = NO;
				GCC_NO_COMMON_BLOCKS = YES;
				GCC_OPTIMIZATION_LEVEL = 0;
				GCC_PREPROCESSOR_DEFINITIONS = (
					"DEBUG=1",
					"$(inherited)",
				);
				GCC_WARN_64_TO_32_BIT_CONVERSION = YES;
				GCC_WARN_ABOUT_RETURN_TYPE = YES_ERROR;
				GCC_WARN_UNDECLARED_SELECTOR = YES;
				GCC_WARN_UNINITIALIZED_AUTOS = YES_AGGRESSIVE;
				GCC_WARN_UNUSED_FUNCTION = YES;
				GCC_WARN_UNUSED_VARIABLE = YES;
				IPHONEOS_DEPLOYMENT_TARGET = 10.1;
				MTL_ENABLE_DEBUG_INFO = YES;
				ONLY_ACTIVE_ARCH = YES;
				SDKROOT = iphoneos;
				SWIFT_ACTIVE_COMPILATION_CONDITIONS = DEBUG;
				SWIFT_OPTIMIZATION_LEVEL = "-Onone";
				TARGETED_DEVICE_FAMILY = "1,2";
			};
			name = Debug;
		};
		F04E89671E11628F00B4C3CC /* Release */ = {
			isa = XCBuildConfiguration;
			buildSettings = {
				ALWAYS_SEARCH_USER_PATHS = NO;
				CLANG_ANALYZER_NONNULL = YES;
				CLANG_CXX_LANGUAGE_STANDARD = "gnu++0x";
				CLANG_CXX_LIBRARY = "libc++";
				CLANG_ENABLE_MODULES = YES;
				CLANG_ENABLE_OBJC_ARC = YES;
				CLANG_WARN_BOOL_CONVERSION = YES;
				CLANG_WARN_CONSTANT_CONVERSION = YES;
				CLANG_WARN_DIRECT_OBJC_ISA_USAGE = YES_ERROR;
				CLANG_WARN_DOCUMENTATION_COMMENTS = YES;
				CLANG_WARN_EMPTY_BODY = YES;
				CLANG_WARN_ENUM_CONVERSION = YES;
				CLANG_WARN_INFINITE_RECURSION = YES;
				CLANG_WARN_INT_CONVERSION = YES;
				CLANG_WARN_OBJC_ROOT_CLASS = YES_ERROR;
				CLANG_WARN_SUSPICIOUS_MOVES = YES;
				CLANG_WARN_UNREACHABLE_CODE = YES;
				CLANG_WARN__DUPLICATE_METHOD_MATCH = YES;
				"CODE_SIGN_IDENTITY[sdk=iphoneos*]" = "iPhone Developer";
				COPY_PHASE_STRIP = NO;
				DEBUG_INFORMATION_FORMAT = "dwarf-with-dsym";
				ENABLE_NS_ASSERTIONS = NO;
				ENABLE_STRICT_OBJC_MSGSEND = YES;
				GCC_C_LANGUAGE_STANDARD = gnu99;
				GCC_NO_COMMON_BLOCKS = YES;
				GCC_WARN_64_TO_32_BIT_CONVERSION = YES;
				GCC_WARN_ABOUT_RETURN_TYPE = YES_ERROR;
				GCC_WARN_UNDECLARED_SELECTOR = YES;
				GCC_WARN_UNINITIALIZED_AUTOS = YES_AGGRESSIVE;
				GCC_WARN_UNUSED_FUNCTION = YES;
				GCC_WARN_UNUSED_VARIABLE = YES;
				IPHONEOS_DEPLOYMENT_TARGET = 10.1;
				MTL_ENABLE_DEBUG_INFO = NO;
				SDKROOT = iphoneos;
				SWIFT_OPTIMIZATION_LEVEL = "-Owholemodule";
				TARGETED_DEVICE_FAMILY = "1,2";
				VALIDATE_PRODUCT = YES;
			};
			name = Release;
		};
		F04E89691E11628F00B4C3CC /* Debug */ = {
			isa = XCBuildConfiguration;
			buildSettings = {
				ASSETCATALOG_COMPILER_APPICON_NAME = AppIcon;
				INFOPLIST_FILE = SlideViewWithCollectionViewVer2/Info.plist;
				LD_RUNPATH_SEARCH_PATHS = "$(inherited) @executable_path/Frameworks";
				PRODUCT_BUNDLE_IDENTIFIER = KR.DevGo.SlideViewWithCollectionViewVer2;
				PRODUCT_NAME = "$(TARGET_NAME)";
				SWIFT_VERSION = 3.0;
			};
			name = Debug;
		};
		F04E896A1E11628F00B4C3CC /* Release */ = {
			isa = XCBuildConfiguration;
			buildSettings = {
				ASSETCATALOG_COMPILER_APPICON_NAME = AppIcon;
				INFOPLIST_FILE = SlideViewWithCollectionViewVer2/Info.plist;
				LD_RUNPATH_SEARCH_PATHS = "$(inherited) @executable_path/Frameworks";
				PRODUCT_BUNDLE_IDENTIFIER = KR.DevGo.SlideViewWithCollectionViewVer2;
				PRODUCT_NAME = "$(TARGET_NAME)";
				SWIFT_VERSION = 3.0;
			};
			name = Release;
		};
/* End XCBuildConfiguration section */

/* Begin XCConfigurationList section */
		F04E89511E11628E00B4C3CC /* Build configuration list for PBXProject "SlideViewWithCollectionViewVer2" */ = {
			isa = XCConfigurationList;
			buildConfigurations = (
				F04E89661E11628F00B4C3CC /* Debug */,
				F04E89671E11628F00B4C3CC /* Release */,
			);
			defaultConfigurationIsVisible = 0;
			defaultConfigurationName = Release;
		};
		F04E89681E11628F00B4C3CC /* Build configuration list for PBXNativeTarget "SlideViewWithCollectionViewVer2" */ = {
			isa = XCConfigurationList;
			buildConfigurations = (
				F04E89691E11628F00B4C3CC /* Debug */,
				F04E896A1E11628F00B4C3CC /* Release */,
			);
			defaultConfigurationIsVisible = 0;
		};
/* End XCConfigurationList section */
	};
	rootObject = F04E894E1E11628E00B4C3CC /* Project object */;
}
